
Microsoft Visual Studio Solution File, Format Version 12.00
# Visual Studio Express 2012 for Web
Project("{FAE04EC0-301F-11D3-BF4B-00C04F79EFBC}") = "AvalonCardGames.Labs", "AvalonCardGames.Labs\AvalonCardGames.Labs.csproj", "{26898714-043F-4B3B-9175-E15883E8A5BD}"
EndProject
Project("{FAE04EC0-301F-11D3-BF4B-00C04F79EFBC}") = "AvalonCardGames.Solitaire", "AvalonCardGames.Solitare\AvalonCardGames.Solitaire.csproj", "{46B01241-7DD5-489C-A20A-22BA34F50437}"
EndProject
Project("{FAE04EC0-301F-11D3-BF4B-00C04F79EFBC}") = "AvalonCardGames.Spider", "AvalonCardGames.Spider\AvalonCardGames.Spider.csproj", "{A3E3ED34-4C8F-4733-832F-59A0506F68D7}"
EndProject
Project("{FAE04EC0-301F-11D3-BF4B-00C04F79EFBC}") = "AvalonCardGames.FreeCell", "AvalonCardGames.FreeCell\AvalonCardGames.FreeCell.csproj", "{421A7BBC-D6A3-41AB-97EA-6A7604D3E7D2}"
EndProject
Project("{FAE04EC0-301F-11D3-BF4B-00C04F79EFBC}") = "AvalonCardGames.Menu", "AvalonCardGames.Menu\AvalonCardGames.Menu.csproj", "{04696836-64F2-4132-9925-907B204B41BA}"
EndProject
Project("{FAE04EC0-301F-11D3-BF4B-00C04F79EFBC}") = "AvalonCardGames.AIRFreeCell", "AvalonCardGames.AIRFreeCell\AvalonCardGames.AIRFreeCell.csproj", "{194B6AE5-B986-4513-8803-9A27E07EEACF}"
EndProject
Project("{FAE04EC0-301F-11D3-BF4B-00C04F79EFBC}") = "AvalonCardGames.Spider.Ultra", "AvalonCardGames.Spider.Ultra\AvalonCardGames.Spider.Ultra\AvalonCardGames.Spider.Ultra.csproj", "{5D4A9462-8F8C-4ADD-9365-BC921A26C2B4}"
EndProject
Project("{2150E333-8FDC-42A3-9474-1A3956D46DE8}") = "Library", "Library", "{C827D031-F482-4B3D-83AF-8090740FE13C}"
EndProject
Project("{FAE04EC0-301F-11D3-BF4B-00C04F79EFBC}") = "ScriptCoreLib.Avalon.Carousel", "..\..\..\jsc.svn\core\ScriptCoreLib.Avalon.Carousel\ScriptCoreLib.Avalon.Carousel\ScriptCoreLib.Avalon.Carousel.csproj", "{0B5B4B1A-B82F-464A-904E-11FEFAEFB18F}"
EndProject
Project("{2150E333-8FDC-42A3-9474-1A3956D46DE8}") = ".nuget", ".nuget", "{2BB6A585-E615-4A16-9E56-301A5B9A0881}"
	ProjectSection(SolutionItems) = preProject
		.nuget\NuGet.Config = .nuget\NuGet.Config
		.nuget\NuGet.exe = .nuget\NuGet.exe
		.nuget\NuGet.targets = .nuget\NuGet.targets
	EndProjectSection
EndProject
Project("{2150E333-8FDC-42A3-9474-1A3956D46DE8}") = "Legacy", "Legacy", "{55F9B4F8-ED3B-497B-BC7B-73D7C2A70E1A}"
EndProject
Project("{FAE04EC0-301F-11D3-BF4B-00C04F79EFBC}") = "AvalonCardGames.AIRSolitaire", "AvalonCardGames.AIRSolitaire\AvalonCardGames.AIRSolitaire.csproj", "{D0779C91-6401-4EBD-9564-93AF29BD5FAF}"
EndProject
Project("{2150E333-8FDC-42A3-9474-1A3956D46DE8}") = "AIR", "AIR", "{B66C523E-DC0D-41DF-9AB5-4F5B5AAE5C10}"
EndProject
Project("{FAE04EC0-301F-11D3-BF4B-00C04F79EFBC}") = "AvalonCardGames.AIRSpider", "AvalonCardGames.AIRSpider\AvalonCardGames.AIRSpider.csproj", "{CCB9E253-D52F-466A-9B03-CDBEB107C1C1}"
EndProject
Global
	GlobalSection(SolutionConfigurationPlatforms) = preSolution
		Assets|Any CPU = Assets|Any CPU
		Assets|Mixed Platforms = Assets|Mixed Platforms
		Assets|x86 = Assets|x86
		Debug|Any CPU = Debug|Any CPU
		Debug|Mixed Platforms = Debug|Mixed Platforms
		Debug|x86 = Debug|x86
		Release|Any CPU = Release|Any CPU
		Release|Mixed Platforms = Release|Mixed Platforms
		Release|x86 = Release|x86
	EndGlobalSection
	GlobalSection(ProjectConfigurationPlatforms) = postSolution
		{26898714-043F-4B3B-9175-E15883E8A5BD}.Assets|Any CPU.ActiveCfg = Release|Any CPU
		{26898714-043F-4B3B-9175-E15883E8A5BD}.Assets|Mixed Platforms.ActiveCfg = Release|Any CPU
		{26898714-043F-4B3B-9175-E15883E8A5BD}.Assets|x86.ActiveCfg = Release|Any CPU
		{26898714-043F-4B3B-9175-E15883E8A5BD}.Debug|Any CPU.ActiveCfg = Debug|Any CPU
		{26898714-043F-4B3B-9175-E15883E8A5BD}.Debug|Any CPU.Build.0 = Debug|Any CPU
		{26898714-043F-4B3B-9175-E15883E8A5BD}.Debug|Mixed Platforms.ActiveCfg = Debug|Any CPU
		{26898714-043F-4B3B-9175-E15883E8A5BD}.Debug|Mixed Platforms.Build.0 = Debug|Any CPU
		{26898714-043F-4B3B-9175-E15883E8A5BD}.Debug|x86.ActiveCfg = Debug|Any CPU
		{26898714-043F-4B3B-9175-E15883E8A5BD}.Release|Any CPU.ActiveCfg = Release|Any CPU
		{26898714-043F-4B3B-9175-E15883E8A5BD}.Release|Any CPU.Build.0 = Release|Any CPU
		{26898714-043F-4B3B-9175-E15883E8A5BD}.Release|Mixed Platforms.ActiveCfg = Release|Any CPU
		{26898714-043F-4B3B-9175-E15883E8A5BD}.Release|Mixed Platforms.Build.0 = Release|Any CPU
		{26898714-043F-4B3B-9175-E15883E8A5BD}.Release|x86.ActiveCfg = Release|Any CPU
		{46B01241-7DD5-489C-A20A-22BA34F50437}.Assets|Any CPU.ActiveCfg = Release|Any CPU
		{46B01241-7DD5-489C-A20A-22BA34F50437}.Assets|Mixed Platforms.ActiveCfg = Release|Any CPU
		{46B01241-7DD5-489C-A20A-22BA34F50437}.Assets|x86.ActiveCfg = Release|Any CPU
		{46B01241-7DD5-489C-A20A-22BA34F50437}.Debug|Any CPU.ActiveCfg = Debug|Any CPU
		{46B01241-7DD5-489C-A20A-22BA34F50437}.Debug|Any CPU.Build.0 = Debug|Any CPU
		{46B01241-7DD5-489C-A20A-22BA34F50437}.Debug|Mixed Platforms.ActiveCfg = Debug|Any CPU
		{46B01241-7DD5-489C-A20A-22BA34F50437}.Debug|Mixed Platforms.Build.0 = Debug|Any CPU
		{46B01241-7DD5-489C-A20A-22BA34F50437}.Debug|x86.ActiveCfg = Debug|Any CPU
		{46B01241-7DD5-489C-A20A-22BA34F50437}.Release|Any CPU.ActiveCfg = Release|Any CPU
		{46B01241-7DD5-489C-A20A-22BA34F50437}.Release|Any CPU.Build.0 = Release|Any CPU
		{46B01241-7DD5-489C-A20A-22BA34F50437}.Release|Mixed Platforms.ActiveCfg = Release|Any CPU
		{46B01241-7DD5-489C-A20A-22BA34F50437}.Release|Mixed Platforms.Build.0 = Release|Any CPU
		{46B01241-7DD5-489C-A20A-22BA34F50437}.Release|x86.ActiveCfg = Release|Any CPU
		{A3E3ED34-4C8F-4733-832F-59A0506F68D7}.Assets|Any CPU.ActiveCfg = Release|Any CPU
		{A3E3ED34-4C8F-4733-832F-59A0506F68D7}.Assets|Mixed Platforms.ActiveCfg = Release|Any CPU
		{A3E3ED34-4C8F-4733-832F-59A0506F68D7}.Assets|Mixed Platforms.Build.0 = Release|Any CPU
		{A3E3ED34-4C8F-4733-832F-59A0506F68D7}.Assets|x86.ActiveCfg = Release|Any CPU
		{A3E3ED34-4C8F-4733-832F-59A0506F68D7}.Debug|Any CPU.ActiveCfg = Debug|Any CPU
		{A3E3ED34-4C8F-4733-832F-59A0506F68D7}.Debug|Any CPU.Build.0 = Debug|Any CPU
		{A3E3ED34-4C8F-4733-832F-59A0506F68D7}.Debug|Mixed Platforms.ActiveCfg = Debug|Any CPU
		{A3E3ED34-4C8F-4733-832F-59A0506F68D7}.Debug|Mixed Platforms.Build.0 = Debug|Any CPU
		{A3E3ED34-4C8F-4733-832F-59A0506F68D7}.Debug|x86.ActiveCfg = Debug|Any CPU
		{A3E3ED34-4C8F-4733-832F-59A0506F68D7}.Release|Any CPU.ActiveCfg = Release|Any CPU
		{A3E3ED34-4C8F-4733-832F-59A0506F68D7}.Release|Any CPU.Build.0 = Release|Any CPU
		{A3E3ED34-4C8F-4733-832F-59A0506F68D7}.Release|Mixed Platforms.ActiveCfg = Release|Any CPU
		{A3E3ED34-4C8F-4733-832F-59A0506F68D7}.Release|Mixed Platforms.Build.0 = Release|Any CPU
		{A3E3ED34-4C8F-4733-832F-59A0506F68D7}.Release|x86.ActiveCfg = Release|Any CPU
		{421A7BBC-D6A3-41AB-97EA-6A7604D3E7D2}.Assets|Any CPU.ActiveCfg = Release|Any CPU
		{421A7BBC-D6A3-41AB-97EA-6A7604D3E7D2}.Assets|Any CPU.Build.0 = Release|Any CPU
		{421A7BBC-D6A3-41AB-97EA-6A7604D3E7D2}.Assets|Mixed Platforms.ActiveCfg = Release|Any CPU
		{421A7BBC-D6A3-41AB-97EA-6A7604D3E7D2}.Assets|Mixed Platforms.Build.0 = Release|Any CPU
		{421A7BBC-D6A3-41AB-97EA-6A7604D3E7D2}.Assets|x86.ActiveCfg = Release|Any CPU
		{421A7BBC-D6A3-41AB-97EA-6A7604D3E7D2}.Debug|Any CPU.ActiveCfg = Debug|Any CPU
		{421A7BBC-D6A3-41AB-97EA-6A7604D3E7D2}.Debug|Any CPU.Build.0 = Debug|Any CPU
		{421A7BBC-D6A3-41AB-97EA-6A7604D3E7D2}.Debug|Mixed Platforms.ActiveCfg = Debug|Any CPU
		{421A7BBC-D6A3-41AB-97EA-6A7604D3E7D2}.Debug|Mixed Platforms.Build.0 = Debug|Any CPU
		{421A7BBC-D6A3-41AB-97EA-6A7604D3E7D2}.Debug|x86.ActiveCfg = Debug|Any CPU
		{421A7BBC-D6A3-41AB-97EA-6A7604D3E7D2}.Release|Any CPU.ActiveCfg = Release|Any CPU
		{421A7BBC-D6A3-41AB-97EA-6A7604D3E7D2}.Release|Any CPU.Build.0 = Release|Any CPU
		{421A7BBC-D6A3-41AB-97EA-6A7604D3E7D2}.Release|Mixed Platforms.ActiveCfg = Release|Any CPU
		{421A7BBC-D6A3-41AB-97EA-6A7604D3E7D2}.Release|Mixed Platforms.Build.0 = Release|Any CPU
		{421A7BBC-D6A3-41AB-97EA-6A7604D3E7D2}.Release|x86.ActiveCfg = Release|Any CPU
		{04696836-64F2-4132-9925-907B204B41BA}.Assets|Any CPU.ActiveCfg = Release|Any CPU
		{04696836-64F2-4132-9925-907B204B41BA}.Assets|Mixed Platforms.ActiveCfg = Release|Any CPU
		{04696836-64F2-4132-9925-907B204B41BA}.Assets|Mixed Platforms.Build.0 = Release|Any CPU
		{04696836-64F2-4132-9925-907B204B41BA}.Assets|x86.ActiveCfg = Release|Any CPU
		{04696836-64F2-4132-9925-907B204B41BA}.Debug|Any CPU.ActiveCfg = Debug|Any CPU
		{04696836-64F2-4132-9925-907B204B41BA}.Debug|Any CPU.Build.0 = Debug|Any CPU
		{04696836-64F2-4132-9925-907B204B41BA}.Debug|Mixed Platforms.ActiveCfg = Debug|Any CPU
		{04696836-64F2-4132-9925-907B204B41BA}.Debug|Mixed Platforms.Build.0 = Debug|Any CPU
		{04696836-64F2-4132-9925-907B204B41BA}.Debug|x86.ActiveCfg = Debug|Any CPU
		{04696836-64F2-4132-9925-907B204B41BA}.Release|Any CPU.ActiveCfg = Release|Any CPU
		{04696836-64F2-4132-9925-907B204B41BA}.Release|Any CPU.Build.0 = Release|Any CPU
		{04696836-64F2-4132-9925-907B204B41BA}.Release|Mixed Platforms.ActiveCfg = Release|Any CPU
		{04696836-64F2-4132-9925-907B204B41BA}.Release|Mixed Platforms.Build.0 = Release|Any CPU
		{04696836-64F2-4132-9925-907B204B41BA}.Release|x86.ActiveCfg = Release|Any CPU
		{194B6AE5-B986-4513-8803-9A27E07EEACF}.Assets|Any CPU.ActiveCfg = Release|x86
		{194B6AE5-B986-4513-8803-9A27E07EEACF}.Assets|Mixed Platforms.ActiveCfg = Release|x86
		{194B6AE5-B986-4513-8803-9A27E07EEACF}.Assets|Mixed Platforms.Build.0 = Release|x86
		{194B6AE5-B986-4513-8803-9A27E07EEACF}.Assets|x86.ActiveCfg = Release|x86
		{194B6AE5-B986-4513-8803-9A27E07EEACF}.Assets|x86.Build.0 = Release|x86
		{194B6AE5-B986-4513-8803-9A27E07EEACF}.Debug|Any CPU.ActiveCfg = Debug|x86
		{194B6AE5-B986-4513-8803-9A27E07EEACF}.Debug|Mixed Platforms.ActiveCfg = Debug|x86
		{194B6AE5-B986-4513-8803-9A27E07EEACF}.Debug|Mixed Platforms.Build.0 = Debug|x86
		{194B6AE5-B986-4513-8803-9A27E07EEACF}.Debug|x86.ActiveCfg = Debug|x86
		{194B6AE5-B986-4513-8803-9A27E07EEACF}.Debug|x86.Build.0 = Debug|x86
		{194B6AE5-B986-4513-8803-9A27E07EEACF}.Release|Any CPU.ActiveCfg = Release|x86
		{194B6AE5-B986-4513-8803-9A27E07EEACF}.Release|Mixed Platforms.ActiveCfg = Release|x86
		{194B6AE5-B986-4513-8803-9A27E07EEACF}.Release|Mixed Platforms.Build.0 = Release|x86
		{194B6AE5-B986-4513-8803-9A27E07EEACF}.Release|x86.ActiveCfg = Release|x86
		{194B6AE5-B986-4513-8803-9A27E07EEACF}.Release|x86.Build.0 = Release|x86
		{5D4A9462-8F8C-4ADD-9365-BC921A26C2B4}.Assets|Any CPU.ActiveCfg = Assets|Any CPU
		{5D4A9462-8F8C-4ADD-9365-BC921A26C2B4}.Assets|Any CPU.Build.0 = Assets|Any CPU
		{5D4A9462-8F8C-4ADD-9365-BC921A26C2B4}.Assets|Mixed Platforms.ActiveCfg = Assets|Any CPU
		{5D4A9462-8F8C-4ADD-9365-BC921A26C2B4}.Assets|Mixed Platforms.Build.0 = Assets|Any CPU
		{5D4A9462-8F8C-4ADD-9365-BC921A26C2B4}.Assets|x86.ActiveCfg = Assets|Any CPU
		{5D4A9462-8F8C-4ADD-9365-BC921A26C2B4}.Debug|Any CPU.ActiveCfg = Debug|Any CPU
		{5D4A9462-8F8C-4ADD-9365-BC921A26C2B4}.Debug|Any CPU.Build.0 = Debug|Any CPU
		{5D4A9462-8F8C-4ADD-9365-BC921A26C2B4}.Debug|Mixed Platforms.ActiveCfg = Debug|Any CPU
		{5D4A9462-8F8C-4ADD-9365-BC921A26C2B4}.Debug|Mixed Platforms.Build.0 = Debug|Any CPU
		{5D4A9462-8F8C-4ADD-9365-BC921A26C2B4}.Debug|x86.ActiveCfg = Debug|Any CPU
		{5D4A9462-8F8C-4ADD-9365-BC921A26C2B4}.Release|Any CPU.ActiveCfg = Release|Any CPU
		{5D4A9462-8F8C-4ADD-9365-BC921A26C2B4}.Release|Any CPU.Build.0 = Release|Any CPU
		{5D4A9462-8F8C-4ADD-9365-BC921A26C2B4}.Release|Mixed Platforms.ActiveCfg = Release|Any CPU
		{5D4A9462-8F8C-4ADD-9365-BC921A26C2B4}.Release|Mixed Platforms.Build.0 = Release|Any CPU
		{5D4A9462-8F8C-4ADD-9365-BC921A26C2B4}.Release|x86.ActiveCfg = Release|Any CPU
		{0B5B4B1A-B82F-464A-904E-11FEFAEFB18F}.Assets|Any CPU.ActiveCfg = Release|Any CPU
		{0B5B4B1A-B82F-464A-904E-11FEFAEFB18F}.Assets|Any CPU.Build.0 = Release|Any CPU
		{0B5B4B1A-B82F-464A-904E-11FEFAEFB18F}.Assets|Mixed Platforms.ActiveCfg = Release|Any CPU
		{0B5B4B1A-B82F-464A-904E-11FEFAEFB18F}.Assets|Mixed Platforms.Build.0 = Release|Any CPU
		{0B5B4B1A-B82F-464A-904E-11FEFAEFB18F}.Assets|x86.ActiveCfg = Release|Any CPU
		{0B5B4B1A-B82F-464A-904E-11FEFAEFB18F}.Debug|Any CPU.ActiveCfg = Debug|Any CPU
		{0B5B4B1A-B82F-464A-904E-11FEFAEFB18F}.Debug|Any CPU.Build.0 = Debug|Any CPU
		{0B5B4B1A-B82F-464A-904E-11FEFAEFB18F}.Debug|Mixed Platforms.ActiveCfg = Debug|Any CPU
		{0B5B4B1A-B82F-464A-904E-11FEFAEFB18F}.Debug|Mixed Platforms.Build.0 = Debug|Any CPU
		{0B5B4B1A-B82F-464A-904E-11FEFAEFB18F}.Debug|x86.ActiveCfg = Debug|Any CPU
		{0B5B4B1A-B82F-464A-904E-11FEFAEFB18F}.Release|Any CPU.ActiveCfg = Release|Any CPU
		{0B5B4B1A-B82F-464A-904E-11FEFAEFB18F}.Release|Any CPU.Build.0 = Release|Any CPU
		{0B5B4B1A-B82F-464A-904E-11FEFAEFB18F}.Release|Mixed Platforms.ActiveCfg = Release|Any CPU
		{0B5B4B1A-B82F-464A-904E-11FEFAEFB18F}.Release|Mixed Platforms.Build.0 = Release|Any CPU
		{0B5B4B1A-B82F-464A-904E-11FEFAEFB18F}.Release|x86.ActiveCfg = Release|Any CPU
		{D0779C91-6401-4EBD-9564-93AF29BD5FAF}.Assets|Any CPU.ActiveCfg = Release|x86
		{D0779C91-6401-4EBD-9564-93AF29BD5FAF}.Assets|Mixed Platforms.ActiveCfg = Release|x86
		{D0779C91-6401-4EBD-9564-93AF29BD5FAF}.Assets|Mixed Platforms.Build.0 = Release|x86
		{D0779C91-6401-4EBD-9564-93AF29BD5FAF}.Assets|x86.ActiveCfg = Release|x86
		{D0779C91-6401-4EBD-9564-93AF29BD5FAF}.Assets|x86.Build.0 = Release|x86
		{D0779C91-6401-4EBD-9564-93AF29BD5FAF}.Debug|Any CPU.ActiveCfg = Debug|x86
		{D0779C91-6401-4EBD-9564-93AF29BD5FAF}.Debug|Mixed Platforms.ActiveCfg = Debug|x86
		{D0779C91-6401-4EBD-9564-93AF29BD5FAF}.Debug|Mixed Platforms.Build.0 = Debug|x86
		{D0779C91-6401-4EBD-9564-93AF29BD5FAF}.Debug|x86.ActiveCfg = Debug|x86
		{D0779C91-6401-4EBD-9564-93AF29BD5FAF}.Debug|x86.Build.0 = Debug|x86
		{D0779C91-6401-4EBD-9564-93AF29BD5FAF}.Release|Any CPU.ActiveCfg = Release|x86
		{D0779C91-6401-4EBD-9564-93AF29BD5FAF}.Release|Mixed Platforms.ActiveCfg = Release|x86
		{D0779C91-6401-4EBD-9564-93AF29BD5FAF}.Release|Mixed Platforms.Build.0 = Release|x86
		{D0779C91-6401-4EBD-9564-93AF29BD5FAF}.Release|x86.ActiveCfg = Release|x86
		{D0779C91-6401-4EBD-9564-93AF29BD5FAF}.Release|x86.Build.0 = Release|x86
		{CCB9E253-D52F-466A-9B03-CDBEB107C1C1}.Assets|Any CPU.ActiveCfg = Release|x86
		{CCB9E253-D52F-466A-9B03-CDBEB107C1C1}.Assets|Mixed Platforms.ActiveCfg = Release|x86
		{CCB9E253-D52F-466A-9B03-CDBEB107C1C1}.Assets|Mixed Platforms.Build.0 = Release|x86
		{CCB9E253-D52F-466A-9B03-CDBEB107C1C1}.Assets|x86.ActiveCfg = Release|x86
		{CCB9E253-D52F-466A-9B03-CDBEB107C1C1}.Assets|x86.Build.0 = Release|x86
		{CCB9E253-D52F-466A-9B03-CDBEB107C1C1}.Debug|Any CPU.ActiveCfg = Debug|x86
		{CCB9E253-D52F-466A-9B03-CDBEB107C1C1}.Debug|Mixed Platforms.ActiveCfg = Debug|x86
		{CCB9E253-D52F-466A-9B03-CDBEB107C1C1}.Debug|Mixed Platforms.Build.0 = Debug|x86
		{CCB9E253-D52F-466A-9B03-CDBEB107C1C1}.Debug|x86.ActiveCfg = Debug|x86
		{CCB9E253-D52F-466A-9B03-CDBEB107C1C1}.Debug|x86.Build.0 = Debug|x86
		{CCB9E253-D52F-466A-9B03-CDBEB107C1C1}.Release|Any CPU.ActiveCfg = Release|x86
		{CCB9E253-D52F-466A-9B03-CDBEB107C1C1}.Release|Mixed Platforms.ActiveCfg = Release|x86
		{CCB9E253-D52F-466A-9B03-CDBEB107C1C1}.Release|Mixed Platforms.Build.0 = Release|x86
		{CCB9E253-D52F-466A-9B03-CDBEB107C1C1}.Release|x86.ActiveCfg = Release|x86
		{CCB9E253-D52F-466A-9B03-CDBEB107C1C1}.Release|x86.Build.0 = Release|x86
	EndGlobalSection
	GlobalSection(SolutionProperties) = preSolution
		HideSolutionNode = FALSE
	EndGlobalSection
	GlobalSection(NestedProjects) = preSolution
		{04696836-64F2-4132-9925-907B204B41BA} = {C827D031-F482-4B3D-83AF-8090740FE13C}
		{0B5B4B1A-B82F-464A-904E-11FEFAEFB18F} = {C827D031-F482-4B3D-83AF-8090740FE13C}
		{421A7BBC-D6A3-41AB-97EA-6A7604D3E7D2} = {55F9B4F8-ED3B-497B-BC7B-73D7C2A70E1A}
		{46B01241-7DD5-489C-A20A-22BA34F50437} = {55F9B4F8-ED3B-497B-BC7B-73D7C2A70E1A}
		{A3E3ED34-4C8F-4733-832F-59A0506F68D7} = {55F9B4F8-ED3B-497B-BC7B-73D7C2A70E1A}
		{5D4A9462-8F8C-4ADD-9365-BC921A26C2B4} = {55F9B4F8-ED3B-497B-BC7B-73D7C2A70E1A}
		{194B6AE5-B986-4513-8803-9A27E07EEACF} = {B66C523E-DC0D-41DF-9AB5-4F5B5AAE5C10}
		{D0779C91-6401-4EBD-9564-93AF29BD5FAF} = {B66C523E-DC0D-41DF-9AB5-4F5B5AAE5C10}
		{CCB9E253-D52F-466A-9B03-CDBEB107C1C1} = {B66C523E-DC0D-41DF-9AB5-4F5B5AAE5C10}
	EndGlobalSection
EndGlobal
